
Microsoft Visual Studio Solution File, Format Version 12.00
# Visual Studio Version 16
VisualStudioVersion = 16.0.30523.141
MinimumVisualStudioVersion = 10.0.40219.1
Project("{9A19103F-16F7-4668-BE54-9A1E7A4F7556}") = "FabLabSandboxAPI", "FabLabSandboxAPI\FabLabSandboxAPI.csproj", "{021D5B06-AB20-4B3B-BB12-82A71ECA1A47}"
EndProject
Project("{2150E333-8FDC-42A3-9474-1A3956D46DE8}") = "Tests", "Tests", "{75D0C81F-44B3-461D-A5AC-26F0A19FC6C5}"
EndProject
Project("{9A19103F-16F7-4668-BE54-9A1E7A4F7556}") = "FabLabSandboxAPITest", "FabLabSandboxAPITest\FabLabSandboxAPITest.csproj", "{B32C7B96-47E3-406D-93F3-B59ACD8942A6}"
EndProject
Global
	GlobalSection(SolutionConfigurationPlatforms) = preSolution
		Debug|Any CPU = Debug|Any CPU
		Release|Any CPU = Release|Any CPU
	EndGlobalSection
	GlobalSection(ProjectConfigurationPlatforms) = postSolution
		{021D5B06-AB20-4B3B-BB12-82A71ECA1A47}.Debug|Any CPU.ActiveCfg = Debug|Any CPU
		{021D5B06-AB20-4B3B-BB12-82A71ECA1A47}.Debug|Any CPU.Build.0 = Debug|Any CPU
		{021D5B06-AB20-4B3B-BB12-82A71ECA1A47}.Release|Any CPU.ActiveCfg = Release|Any CPU
		{021D5B06-AB20-4B3B-BB12-82A71ECA1A47}.Release|Any CPU.Build.0 = Release|Any CPU
		{B32C7B96-47E3-406D-93F3-B59ACD8942A6}.Debug|Any CPU.ActiveCfg = Debug|Any CPU
		{B32C7B96-47E3-406D-93F3-B59ACD8942A6}.Debug|Any CPU.Build.0 = Debug|Any CPU
		{B32C7B96-47E3-406D-93F3-B59ACD8942A6}.Release|Any CPU.ActiveCfg = Release|Any CPU
		{B32C7B96-47E3-406D-93F3-B59ACD8942A6}.Release|Any CPU.Build.0 = Release|Any CPU
	EndGlobalSection
	GlobalSection(SolutionProperties) = preSolution
		HideSolutionNode = FALSE
	EndGlobalSection
	GlobalSection(NestedProjects) = preSolution
		{B32C7B96-47E3-406D-93F3-B59ACD8942A6} = {75D0C81F-44B3-461D-A5AC-26F0A19FC6C5}
	EndGlobalSection
	GlobalSection(ExtensibilityGlobals) = postSolution
		SolutionGuid = {F65A5C21-3660-47DB-9CA6-E339AED34B86}
	EndGlobalSection
EndGlobal
